// !$*UTF8*$!
{
	archiveVersion = 1;
	classes = {
	};
	objectVersion = 46;
	objects = {

/* Begin PBXBuildFile section */
		8F6733341CD0612B00A9A78F /* Calculator.swift in Sources */ = {isa = PBXBuildFile; fileRef = 8F6733331CD0612B00A9A78F /* Calculator.swift */; };
		8FBAC3111CC9B700000AC232 /* AppDelegate.swift in Sources */ = {isa = PBXBuildFile; fileRef = 8FBAC3101CC9B700000AC232 /* AppDelegate.swift */; };
		8FBAC3131CC9B700000AC232 /* ViewController.swift in Sources */ = {isa = PBXBuildFile; fileRef = 8FBAC3121CC9B700000AC232 /* ViewController.swift */; };
		8FBAC3161CC9B700000AC232 /* Main.storyboard in Resources */ = {isa = PBXBuildFile; fileRef = 8FBAC3141CC9B700000AC232 /* Main.storyboard */; };
		8FBAC3181CC9B700000AC232 /* Assets.xcassets in Resources */ = {isa = PBXBuildFile; fileRef = 8FBAC3171CC9B700000AC232 /* Assets.xcassets */; };
		8FBAC31B1CC9B700000AC232 /* LaunchScreen.storyboard in Resources */ = {isa = PBXBuildFile; fileRef = 8FBAC3191CC9B700000AC232 /* LaunchScreen.storyboard */; };
/* End PBXBuildFile section */

/* Begin PBXFileReference section */
		8F6733331CD0612B00A9A78F /* Calculator.swift */ = {isa = PBXFileReference; fileEncoding = 4; lastKnownFileType = sourcecode.swift; path = Calculator.swift; sourceTree = "<group>"; };
		8FBAC30D1CC9B700000AC232 /* Calculator.app */ = {isa = PBXFileReference; explicitFileType = wrapper.application; includeInIndex = 0; path = Calculator.app; sourceTree = BUILT_PRODUCTS_DIR; };
		8FBAC3101CC9B700000AC232 /* AppDelegate.swift */ = {isa = PBXFileReference; lastKnownFileType = sourcecode.swift; path = AppDelegate.swift; sourceTree = "<group>"; };
		8FBAC3121CC9B700000AC232 /* ViewController.swift */ = {isa = PBXFileReference; lastKnownFileType = sourcecode.swift; path = ViewController.swift; sourceTree = "<group>"; };
		8FBAC3151CC9B700000AC232 /* Base */ = {isa = PBXFileReference; lastKnownFileType = file.storyboard; name = Base; path = Base.lproj/Main.storyboard; sourceTree = "<group>"; };
		8FBAC3171CC9B700000AC232 /* Assets.xcassets */ = {isa = PBXFileReference; lastKnownFileType = folder.assetcatalog; path = Assets.xcassets; sourceTree = "<group>"; };
		8FBAC31A1CC9B700000AC232 /* Base */ = {isa = PBXFileReference; lastKnownFileType = file.storyboard; name = Base; path = Base.lproj/LaunchScreen.storyboard; sourceTree = "<group>"; };
		8FBAC31C1CC9B700000AC232 /* Info.plist */ = {isa = PBXFileReference; lastKnownFileType = text.plist.xml; path = Info.plist; sourceTree = "<group>"; };
/* End PBXFileReference section */

/* Begin PBXFrameworksBuildPhase section */
		8FBAC30A1CC9B700000AC232 /* Frameworks */ = {
			isa = PBXFrameworksBuildPhase;
			buildActionMask = 2147483647;
			files = (
			);
			runOnlyForDeploymentPostprocessing = 0;
		};
/* End PBXFrameworksBuildPhase section */

/* Begin PBXGroup section */
		8FBAC3041CC9B700000AC232 = {
			isa = PBXGroup;
			children = (
				8FBAC30F1CC9B700000AC232 /* Calculator */,
				8FBAC30E1CC9B700000AC232 /* Products */,
			);
			sourceTree = "<group>";
		};
		8FBAC30E1CC9B700000AC232 /* Products */ = {
			isa = PBXGroup;
			children = (
				8FBAC30D1CC9B700000AC232 /* Calculator.app */,
			);
			name = Products;
			sourceTree = "<group>";
		};
		8FBAC30F1CC9B700000AC232 /* Calculator */ = {
			isa = PBXGroup;
			children = (
				8FBAC3121CC9B700000AC232 /* ViewController.swift */,
				8FBAC3141CC9B700000AC232 /* Main.storyboard */,
				8F6733331CD0612B00A9A78F /* Calculator.swift */,
				8FBAC3221CC9B842000AC232 /* Supporting Files */,
			);
			path = Calculator;
			sourceTree = "<group>";
		};
		8FBAC3221CC9B842000AC232 /* Supporting Files */ = {
			isa = PBXGroup;
			children = (
				8FBAC3101CC9B700000AC232 /* AppDelegate.swift */,
				8FBAC3171CC9B700000AC232 /* Assets.xcassets */,
				8FBAC3191CC9B700000AC232 /* LaunchScreen.storyboard */,
				8FBAC31C1CC9B700000AC232 /* Info.plist */,
			);
			name = "Supporting Files";
			sourceTree = "<group>";
		};
/* End PBXGroup section */

/* Begin PBXNativeTarget section */
		8FBAC30C1CC9B700000AC232 /* Calculator */ = {
			isa = PBXNativeTarget;
			buildConfigurationList = 8FBAC31F1CC9B700000AC232 /* Build configuration list for PBXNativeTarget "Calculator" */;
			buildPhases = (
				8FBAC3091CC9B700000AC232 /* Sources */,
				8FBAC30A1CC9B700000AC232 /* Frameworks */,
				8FBAC30B1CC9B700000AC232 /* Resources */,
			);
			buildRules = (
			);
			dependencies = (
			);
			name = Calculator;
			productName = Calculator;
			productReference = 8FBAC30D1CC9B700000AC232 /* Calculator.app */;
			productType = "com.apple.product-type.application";
		};
/* End PBXNativeTarget section */

/* Begin PBXProject section */
		8FBAC3051CC9B700000AC232 /* Project object */ = {
			isa = PBXProject;
			attributes = {
				LastSwiftUpdateCheck = 0730;
				LastUpgradeCheck = 0730;
				ORGANIZATIONNAME = "Baidu, Inc.";
				TargetAttributes = {
					8FBAC30C1CC9B700000AC232 = {
						CreatedOnToolsVersion = 7.3;
					};
				};
			};
			buildConfigurationList = 8FBAC3081CC9B700000AC232 /* Build configuration list for PBXProject "Calculator" */;
			compatibilityVersion = "Xcode 3.2";
			developmentRegion = English;
			hasScannedForEncodings = 0;
			knownRegions = (
				en,
				Base,
			);
			mainGroup = 8FBAC3041CC9B700000AC232;
			productRefGroup = 8FBAC30E1CC9B700000AC232 /* Products */;
			projectDirPath = "";
			projectRoot = "";
			targets = (
				8FBAC30C1CC9B700000AC232 /* Calculator */,
			);
		};
/* End PBXProject section */

/* Begin PBXResourcesBuildPhase section */
		8FBAC30B1CC9B700000AC232 /* Resources */ = {
			isa = PBXResourcesBuildPhase;
			buildActionMask = 2147483647;
			files = (
				8FBAC31B1CC9B700000AC232 /* LaunchScreen.storyboard in Resources */,
				8FBAC3181CC9B700000AC232 /* Assets.xcassets in Resources */,
				8FBAC3161CC9B700000AC232 /* Main.storyboard in Resources */,
			);
			runOnlyForDeploymentPostprocessing = 0;
		};
/* End PBXResourcesBuildPhase section */

/* Begin PBXSourcesBuildPhase section */
		8FBAC3091CC9B700000AC232 /* Sources */ = {
			isa = PBXSourcesBuildPhase;
			buildActionMask = 2147483647;
			files = (
				8FBAC3131CC9B700000AC232 /* ViewController.swift in Sources */,
				8FBAC3111CC9B700000AC232 /* AppDelegate.swift in Sources */,
				8F6733341CD0612B00A9A78F /* Calculator.swift in Sources */,
			);
			runOnlyForDeploymentPostprocessing = 0;
		};
/* End PBXSourcesBuildPhase section */

/* Begin PBXVariantGroup section */
		8FBAC3141CC9B700000AC232 /* Main.storyboard */ = {
			isa = PBXVariantGroup;
			children = (
				8FBAC3151CC9B700000AC232 /* Base */,
			);
			name = Main.storyboard;
			sourceTree = "<group>";
		};
		8FBAC3191CC9B700000AC232 /* LaunchScreen.storyboard */ = {
			isa = PBXVariantGroup;
			children = (
				8FBAC31A1CC9B700000AC232 /* Base */,
			);
			name = LaunchScreen.storyboard;
			sourceTree = "<group>";
		};
/* End PBXVariantGroup section */

/* Begin XCBuildConfiguration section */
		8FBAC31D1CC9B700000AC232 /* Debug */ = {
			isa = XCBuildConfiguration;
			buildSettings = {
				ALWAYS_SEARCH_USER_PATHS = NO;
				CLANG_ANALYZER_NONNULL = YES;
				CLANG_CXX_LANGUAGE_STANDARD = "gnu++0x";
				CLANG_CXX_LIBRARY = "libc++";
				CLANG_ENABLE_MODULES = YES;
				CLANG_ENABLE_OBJC_ARC = YES;
				CLANG_WARN_BOOL_CONVERSION = YES;
				CLANG_WARN_CONSTANT_CONVERSION = YES;
				CLANG_WARN_DIRECT_OBJC_ISA_USAGE = YES_ERROR;
				CLANG_WARN_EMPTY_BODY = YES;
				CLANG_WARN_ENUM_CONVERSION = YES;
				CLANG_WARN_INT_CONVERSION = YES;
				CLANG_WARN_OBJC_ROOT_CLASS = YES_ERROR;
				CLANG_WARN_UNREACHABLE_CODE = YES;
				CLANG_WARN__DUPLICATE_METHOD_MATCH = YES;
				"CODE_SIGN_IDENTITY[sdk=iphoneos*]" = "iPhone Developer";
				COPY_PHASE_STRIP = NO;
				DEBUG_INFORMATION_FORMAT = dwarf;
				ENABLE_STRICT_OBJC_MSGSEND = YES;
				ENABLE_TESTABILITY = YES;
				GCC_C_LANGUAGE_STANDARD = gnu99;
				GCC_DYNAMIC_NO_PIC = NO;
				GCC_NO_COMMON_BLOCKS = YES;
				GCC_OPTIMIZATION_LEVEL = 0;
				GCC_PREPROCESSOR_DEFINITIONS = (
					"DEBUG=1",
					"$(inherited)",
				);
				GCC_WARN_64_TO_32_BIT_CONVERSION = YES;
				GCC_WARN_ABOUT_RETURN_TYPE = YES_ERROR;
				GCC_WARN_UNDECLARED_SELECTOR = YES;
				GCC_WARN_UNINITIALIZED_AUTOS = YES_AGGRESSIVE;
				GCC_WARN_UNUSED_FUNCTION = YES;
				GCC_WARN_UNUSED_VARIABLE = YES;
				IPHONEOS_DEPLOYMENT_TARGET = 9.3;
				MTL_ENABLE_DEBUG_INFO = YES;
				ONLY_ACTIVE_ARCH = YES;
				SDKROOT = iphoneos;
				SWIFT_OPTIMIZATION_LEVEL = "-Onone";
				TARGETED_DEVICE_FAMILY = "1,2";
			};
			name = Debug;
		};
		8FBAC31E1CC9B700000AC232 /* Release */ = {
			isa = XCBuildConfiguration;
			buildSettings = {
				ALWAYS_SEARCH_USER_PATHS = NO;
				CLANG_ANALYZER_NONNULL = YES;
				CLANG_CXX_LANGUAGE_STANDARD = "gnu++0x";
				CLANG_CXX_LIBRARY = "libc++";
				CLANG_ENABLE_MODULES = YES;
				CLANG_ENABLE_OBJC_ARC = YES;
				CLANG_WARN_BOOL_CONVERSION = YES;
				CLANG_WARN_CONSTANT_CONVERSION = YES;
				CLANG_WARN_DIRECT_OBJC_ISA_USAGE = YES_ERROR;
				CLANG_WARN_EMPTY_BODY = YES;
				CLANG_WARN_ENUM_CONVERSION = YES;
				CLANG_WARN_INT_CONVERSION = YES;
				CLANG_WARN_OBJC_ROOT_CLASS = YES_ERROR;
				CLANG_WARN_UNREACHABLE_CODE = YES;
				CLANG_WARN__DUPLICATE_METHOD_MATCH = YES;
				"CODE_SIGN_IDENTITY[sdk=iphoneos*]" = "iPhone Developer";
				COPY_PHASE_STRIP = NO;
				DEBUG_INFORMATION_FORMAT = "dwarf-with-dsym";
				ENABLE_NS_ASSERTIONS = NO;
				ENABLE_STRICT_OBJC_MSGSEND = YES;
				GCC_C_LANGUAGE_STANDARD = gnu99;
				GCC_NO_COMMON_BLOCKS = YES;
				GCC_WARN_64_TO_32_BIT_CONVERSION = YES;
				GCC_WARN_ABOUT_RETURN_TYPE = YES_ERROR;
				GCC_WARN_UNDECLARED_SELECTOR = YES;
				GCC_WARN_UNINITIALIZED_AUTOS = YES_AGGRESSIVE;
				GCC_WARN_UNUSED_FUNCTION = YES;
				GCC_WARN_UNUSED_VARIABLE = YES;
				IPHONEOS_DEPLOYMENT_TARGET = 9.3;
				MTL_ENABLE_DEBUG_INFO = NO;
				SDKROOT = iphoneos;
				TARGETED_DEVICE_FAMILY = "1,2";
				VALIDATE_PRODUCT = YES;
			};
			name = Release;
		};
		8FBAC3201CC9B700000AC232 /* Debug */ = {
			isa = XCBuildConfiguration;
			buildSettings = {
				ASSETCATALOG_COMPILER_APPICON_NAME = AppIcon;
				INFOPLIST_FILE = Calculator/Info.plist;
				LD_RUNPATH_SEARCH_PATHS = "$(inherited) @executable_path/Frameworks";
				PRODUCT_BUNDLE_IDENTIFIER = com.baidu.Calculator;
				PRODUCT_NAME = "$(TARGET_NAME)";
			};
			name = Debug;
		};
		8FBAC3211CC9B700000AC232 /* Release */ = {
			isa = XCBuildConfiguration;
			buildSettings = {
				ASSETCATALOG_COMPILER_APPICON_NAME = AppIcon;
				INFOPLIST_FILE = Calculator/Info.plist;
				LD_RUNPATH_SEARCH_PATHS = "$(inherited) @executable_path/Frameworks";
				PRODUCT_BUNDLE_IDENTIFIER = com.baidu.Calculator;
				PRODUCT_NAME = "$(TARGET_NAME)";
			};
			name = Release;
		};
/* End XCBuildConfiguration section */

/* Begin XCConfigurationList section */
		8FBAC3081CC9B700000AC232 /* Build configuration list for PBXProject "Calculator" */ = {
			isa = XCConfigurationList;
			buildConfigurations = (
				8FBAC31D1CC9B700000AC232 /* Debug */,
				8FBAC31E1CC9B700000AC232 /* Release */,
			);
			defaultConfigurationIsVisible = 0;
			defaultConfigurationName = Release;
		};
		8FBAC31F1CC9B700000AC232 /* Build configuration list for PBXNativeTarget "Calculator" */ = {
			isa = XCConfigurationList;
			buildConfigurations = (
				8FBAC3201CC9B700000AC232 /* Debug */,
				8FBAC3211CC9B700000AC232 /* Release */,
			);
			defaultConfigurationIsVisible = 0;
			defaultConfigurationName = Release;
		};
/* End XCConfigurationList section */
	};
	rootObject = 8FBAC3051CC9B700000AC232 /* Project object */;
}
